# This lock file was generated by conda-lock (https://github.com/conda/conda-lock). DO NOT EDIT!
#
# A "lock file" contains a concrete list of package versions (with checksums) to be installed. Unlike
# e.g. `conda env create`, the resulting environment will not change as new package versions become
# available, unless you explicitly update the lock file.
#
# Install this environment as "YOURENV" with:
#     conda-lock install -n YOURENV conda-lock.yml
# To update a single package to the latest version compatible with the version constraints in the source:
#     conda-lock lock  --lockfile conda-lock.yml --update PACKAGE
# To re-solve the entire environment, e.g. after changing a version constraint in the source file:
#     conda-lock -f environment.yml --lockfile conda-lock.yml
version: 1
metadata:
  content_hash:
    win-64: de931e0fb76abfb46f309f8a46137133219bbd10ab889a07b4179a2a0e95d068
  channels:
  - url: conda-forge
    used_env_vars: []
  platforms:
  - win-64
  sources:
  - environment.yml
package:
- name: brotli
  version: 1.1.0
  manager: conda
  platform: win-64
  dependencies:
    brotli-bin: 1.1.0
    libbrotlidec: 1.1.0
    libbrotlienc: 1.1.0
    ucrt: '>=10.0.20348.0'
    vc: '>=14.2,<15'
    vc14_runtime: '>=14.29.30139'
  url: https://conda.anaconda.org/conda-forge/win-64/brotli-1.1.0-hcfcfb64_1.conda
  hash:
    md5: f47f6db2528e38321fb00ae31674c133
    sha256: b927c95121c5f3d82fe084730281739fb04621afebf2d9f05711a0f42d27e326
  category: main
  optional: false
- name: brotli-bin
  version: 1.1.0
  manager: conda
  platform: win-64
  dependencies:
    libbrotlidec: 1.1.0
    libbrotlienc: 1.1.0
    ucrt: '>=10.0.20348.0'
    vc: '>=14.2,<15'
    vc14_runtime: '>=14.29.30139'
  url: https://conda.anaconda.org/conda-forge/win-64/brotli-bin-1.1.0-hcfcfb64_1.conda
  hash:
    md5: 0105229d7c5fabaa840043a86c10ec64
    sha256: 4fbcb8f94acc97b2b04adbc64e304acd7c06fa0cf01953527bddae46091cc942
  category: main
  optional: false
- name: bzip2
  version: 1.0.8
  manager: conda
  platform: win-64
  dependencies:
    ucrt: '>=10.0.20348.0'
    vc: '>=14.2,<15'
    vc14_runtime: '>=14.29.30139'
  url: https://conda.anaconda.org/conda-forge/win-64/bzip2-1.0.8-h2466b09_7.conda
  hash:
    md5: 276e7ffe9ffe39688abc665ef0f45596
    sha256: 35a5dad92e88fdd7fc405e864ec239486f4f31eec229e31686e61a140a8e573b
  category: main
  optional: false
- name: ca-certificates
  version: 2024.7.4
  manager: conda
  platform: win-64
  dependencies: {}
  url: https://conda.anaconda.org/conda-forge/win-64/ca-certificates-2024.7.4-h56e8100_0.conda
  hash:
    md5: 9caa97c9504072cd060cf0a3142cc0ed
    sha256: 7f37bb33c7954de1b4d19ad622859feb4f6c58f751c38b895524cad4e44af72e
  category: main
  optional: false
- name: certifi
  version: 2024.7.4
  manager: conda
  platform: win-64
  dependencies:
    python: '>=3.7'
  url: https://conda.anaconda.org/conda-forge/noarch/certifi-2024.7.4-pyhd8ed1ab_0.conda
  hash:
    md5: 24e7fd6ca65997938fff9e5ab6f653e4
    sha256: dd3577bb5275062c388c46b075dcb795f47f8dac561da7dd35fe504b936934e5
  category: main
  optional: false
- name: contourpy
  version: 1.2.1
  manager: conda
  platform: win-64
  dependencies:
    numpy: '>=1.20'
    python: '>=3.12,<3.13.0a0'
    python_abi: 3.12.*
    ucrt: '>=10.0.20348.0'
    vc: '>=14.2,<15'
    vc14_runtime: '>=14.29.30139'
  url: https://conda.anaconda.org/conda-forge/win-64/contourpy-1.2.1-py312h0d7def4_0.conda
  hash:
    md5: bc0160f16ae02e18de578eaddadd4f61
    sha256: 3af3de9a099d9ab88d24d0956c3acb838a774b64e52afa25abeed7b31c1174ef
  category: main
  optional: false
- name: cycler
  version: 0.12.1
  manager: conda
  platform: win-64
  dependencies:
    python: '>=3.8'
  url: https://conda.anaconda.org/conda-forge/noarch/cycler-0.12.1-pyhd8ed1ab_0.conda
  hash:
    md5: 5cd86562580f274031ede6aa6aa24441
    sha256: f221233f21b1d06971792d491445fd548224641af9443739b4b7b6d5d72954a8
  category: main
  optional: false
- name: fonttools
  version: 4.53.1
  manager: conda
  platform: win-64
  dependencies:
    brotli: ''
    munkres: ''
    python: '>=3.12,<3.13.0a0'
    python_abi: 3.12.*
    ucrt: '>=10.0.20348.0'
    vc: '>=14.2,<15'
    vc14_runtime: '>=14.29.30139'
  url: https://conda.anaconda.org/conda-forge/win-64/fonttools-4.53.1-py312h4389bb4_0.conda
  hash:
    md5: d1d90dc02033f12ab8020dbb653a9fc8
    sha256: 508b8443a382eec4a6c389e0ab43543797a99172982d9999df8972bfa42e2829
  category: main
  optional: false
- name: freetype
  version: 2.12.1
  manager: conda
  platform: win-64
  dependencies:
    libpng: '>=1.6.39,<1.7.0a0'
    libzlib: '>=1.2.13,<2.0.0a0'
    ucrt: '>=10.0.20348.0'
    vc: '>=14.2,<15'
    vc14_runtime: '>=14.29.30139'
  url: https://conda.anaconda.org/conda-forge/win-64/freetype-2.12.1-hdaf720e_2.conda
  hash:
    md5: 3761b23693f768dc75a8fd0a73ca053f
    sha256: 2c53ee8879e05e149a9e525481d36adfd660a6abda26fd731376fa64ff03e728
  category: main
  optional: false
- name: glib
  version: 2.80.3
  manager: conda
  platform: win-64
  dependencies:
    glib-tools: 2.80.3
    libffi: '>=3.4,<4.0a0'
    libglib: 2.80.3
    libintl: '>=0.22.5,<1.0a0'
    libintl-devel: ''
    python: '*'
    ucrt: '>=10.0.20348.0'
    vc: '>=14.2,<15'
    vc14_runtime: '>=14.29.30139'
  url: https://conda.anaconda.org/conda-forge/win-64/glib-2.80.3-h7025463_1.conda
  hash:
    md5: 13ce8fd2eb07f41c7108f7ad7bb0062e
    sha256: 892d784d7a8c7444004109734dcf71d11ded0d1dc06d3dfc14227576993239a5
  category: main
  optional: false
- name: glib-tools
  version: 2.80.3
  manager: conda
  platform: win-64
  dependencies:
    libglib: 2.80.3
    libintl: '>=0.22.5,<1.0a0'
    ucrt: '>=10.0.20348.0'
    vc: '>=14.2,<15'
    vc14_runtime: '>=14.29.30139'
  url: https://conda.anaconda.org/conda-forge/win-64/glib-tools-2.80.3-h4394cf3_1.conda
  hash:
    md5: 12d270a5f8b8ae0a9536c1960f21e0aa
    sha256: 0bc71e397b49c622a224b4ecdef338ec215d037d0e385a5870afd5a96197399d
  category: main
  optional: false
- name: gst-plugins-base
  version: 1.24.5
  manager: conda
  platform: win-64
  dependencies:
    gstreamer: 1.24.5
    libglib: '>=2.80.2,<3.0a0'
    libintl: '>=0.22.5,<1.0a0'
    libogg: '>=1.3.4,<1.4.0a0'
    libvorbis: '>=1.3.7,<1.4.0a0'
    libzlib: '>=1.3.1,<2.0a0'
    ucrt: '>=10.0.20348.0'
    vc: '>=14.2,<15'
    vc14_runtime: '>=14.29.30139'
  url: https://conda.anaconda.org/conda-forge/win-64/gst-plugins-base-1.24.5-hb0a98b8_0.conda
  hash:
    md5: b770c056a4d17c9860ffa6464982db70
    sha256: 0958c192be2b1d05aaa7ca2f9df5a479fac8b014780236c0ec1fff361c454ab6
  category: main
  optional: false
- name: gstreamer
  version: 1.24.5
  manager: conda
  platform: win-64
  dependencies:
    glib: '>=2.80.2,<3.0a0'
    libglib: '>=2.80.2,<3.0a0'
    libiconv: '>=1.17,<2.0a0'
    libintl: '>=0.22.5,<1.0a0'
    ucrt: '>=10.0.20348.0'
    vc: '>=14.2,<15'
    vc14_runtime: '>=14.29.30139'
  url: https://conda.anaconda.org/conda-forge/win-64/gstreamer-1.24.5-h5006eae_0.conda
  hash:
    md5: 5f5d9ef53cd63a2bf341091786d031e5
    sha256: 4039dafcfec7a2c0d4c458b403ea652572ef81521bec4b6bd8df704c0cb0b032
  category: main
  optional: false
- name: icu
  version: '73.2'
  manager: conda
  platform: win-64
  dependencies:
    ucrt: '>=10.0.20348.0'
    vc: '>=14.2,<15'
    vc14_runtime: '>=14.29.30139'
  url: https://conda.anaconda.org/conda-forge/win-64/icu-73.2-h63175ca_0.conda
  hash:
    md5: 0f47d9e3192d9e09ae300da0d28e0f56
    sha256: 423aaa2b69d713520712f55c7c71994b7e6f967824bb39b59ad968e7b209ce8c
  category: main
  optional: false
- name: intel-openmp
  version: 2024.2.0
  manager: conda
  platform: win-64
  dependencies: {}
  url: https://conda.anaconda.org/conda-forge/win-64/intel-openmp-2024.2.0-h57928b3_980.conda
  hash:
    md5: 9c28c39e64871a0adef7d1195bd58655
    sha256: e3ddfb67e0a922868e68f83d0b56755ff1c280ffa959a0c5ee6a922aaf7022b0
  category: main
  optional: false
- name: joblib
  version: 1.4.2
  manager: conda
  platform: win-64
  dependencies:
    python: '>=3.8'
    setuptools: ''
  url: https://conda.anaconda.org/conda-forge/noarch/joblib-1.4.2-pyhd8ed1ab_0.conda
  hash:
    md5: 25df261d4523d9f9783bcdb7208d872f
    sha256: 8ad719524b1039510fcbd75eb776123189d75e2c09228189257ddbcab86f5b64
  category: main
  optional: false
- name: kiwisolver
  version: 1.4.5
  manager: conda
  platform: win-64
  dependencies:
    python: '>=3.12.0rc3,<3.13.0a0'
    python_abi: 3.12.*
    ucrt: '>=10.0.20348.0'
    vc: '>=14.2,<15'
    vc14_runtime: '>=14.29.30139'
  url: https://conda.anaconda.org/conda-forge/win-64/kiwisolver-1.4.5-py312h0d7def4_1.conda
  hash:
    md5: 77c9d46fc8680bb08f4e1ebb6669e44e
    sha256: 07021ffc3bbf42922694c23634e028950547d088717b448b46296b3ca5a26068
  category: main
  optional: false
- name: krb5
  version: 1.21.3
  manager: conda
  platform: win-64
  dependencies:
    openssl: '>=3.3.1,<4.0a0'
    ucrt: '>=10.0.20348.0'
    vc: '>=14.2,<15'
    vc14_runtime: '>=14.29.30139'
  url: https://conda.anaconda.org/conda-forge/win-64/krb5-1.21.3-hdf4eb48_0.conda
  hash:
    md5: 31aec030344e962fbd7dbbbbd68e60a9
    sha256: 18e8b3430d7d232dad132f574268f56b3eb1a19431d6d5de8c53c29e6c18fa81
  category: main
  optional: false
- name: lcms2
  version: '2.16'
  manager: conda
  platform: win-64
  dependencies:
    libjpeg-turbo: '>=3.0.0,<4.0a0'
    libtiff: '>=4.6.0,<4.7.0a0'
    ucrt: '>=10.0.20348.0'
    vc: '>=14.2,<15'
    vc14_runtime: '>=14.29.30139'
  url: https://conda.anaconda.org/conda-forge/win-64/lcms2-2.16-h67d730c_0.conda
  hash:
    md5: d3592435917b62a8becff3a60db674f6
    sha256: f9fd9e80e46358a57d9bb97b1e37a03da4022143b019aa3c4476d8a7795de290
  category: main
  optional: false
- name: lerc
  version: 4.0.0
  manager: conda
  platform: win-64
  dependencies:
    vc: '>=14.2,<15'
    vs2015_runtime: '>=14.29.30037'
  url: https://conda.anaconda.org/conda-forge/win-64/lerc-4.0.0-h63175ca_0.tar.bz2
  hash:
    md5: 1900cb3cab5055833cfddb0ba233b074
    sha256: f4f39d7f6a2f9b407f8fb567a6c25755270421731d70f0ff331f5de4fa367488
  category: main
  optional: false
- name: libblas
  version: 3.9.0
  manager: conda
  platform: win-64
  dependencies:
    mkl: 2024.1.0
  url: https://conda.anaconda.org/conda-forge/win-64/libblas-3.9.0-22_win64_mkl.conda
  hash:
    md5: 65c56ecdeceffd6c32d3d54db7e02c6e
    sha256: 4faab445cbd9a13736a206b98fde962d0a9fa80dcbd38300951a8b2863e7c35c
  category: main
  optional: false
- name: libbrotlicommon
  version: 1.1.0
  manager: conda
  platform: win-64
  dependencies:
    ucrt: '>=10.0.20348.0'
    vc: '>=14.2,<15'
    vc14_runtime: '>=14.29.30139'
  url: https://conda.anaconda.org/conda-forge/win-64/libbrotlicommon-1.1.0-hcfcfb64_1.conda
  hash:
    md5: f77f319fb82980166569e1280d5b2864
    sha256: f75fed29b0cc503d1b149a4945eaa32df56e19da5e2933de29e8f03947203709
  category: main
  optional: false
- name: libbrotlidec
  version: 1.1.0
  manager: conda
  platform: win-64
  dependencies:
    libbrotlicommon: 1.1.0
    ucrt: '>=10.0.20348.0'
    vc: '>=14.2,<15'
    vc14_runtime: '>=14.29.30139'
  url: https://conda.anaconda.org/conda-forge/win-64/libbrotlidec-1.1.0-hcfcfb64_1.conda
  hash:
    md5: 19ce3e1dacc7912b3d6ff40690ba9ae0
    sha256: 1b352ee05931ea24c11cd4a994d673890fd1cc690c21e023e736bdaac2632e93
  category: main
  optional: false
- name: libbrotlienc
  version: 1.1.0
  manager: conda
  platform: win-64
  dependencies:
    libbrotlicommon: 1.1.0
    ucrt: '>=10.0.20348.0'
    vc: '>=14.2,<15'
    vc14_runtime: '>=14.29.30139'
  url: https://conda.anaconda.org/conda-forge/win-64/libbrotlienc-1.1.0-hcfcfb64_1.conda
  hash:
    md5: 71e890a0b361fd58743a13f77e1506b7
    sha256: eae6b76154e594c6d211160c6d1aeed848672618152a562e0eabdfa641d34aca
  category: main
  optional: false
- name: libcblas
  version: 3.9.0
  manager: conda
  platform: win-64
  dependencies:
    libblas: 3.9.0
  url: https://conda.anaconda.org/conda-forge/win-64/libcblas-3.9.0-22_win64_mkl.conda
  hash:
    md5: 336c93ab102846c6131cf68e722a68f1
    sha256: 5503273924650330dc03edd1eb01ec4020b9967b5a4cafc377ba20b976d15590
  category: main
  optional: false
- name: libclang13
  version: 18.1.8
  manager: conda
  platform: win-64
  dependencies:
    libzlib: '>=1.3.1,<2.0a0'
    ucrt: '>=10.0.20348.0'
    vc: '>=14.2,<15'
    vc14_runtime: '>=14.29.30139'
    zstd: '>=1.5.6,<1.6.0a0'
  url: https://conda.anaconda.org/conda-forge/win-64/libclang13-18.1.8-default_ha5278ca_1.conda
  hash:
    md5: 30a167d5b69555fbf39192a23e40df52
    sha256: b9c47c6124d4fa0ce9bf6925744897319bbcc77356e1b3ac464a26649acc3381
  category: main
  optional: false
- name: libdeflate
  version: '1.20'
  manager: conda
  platform: win-64
  dependencies:
    ucrt: '>=10.0.20348.0'
    vc: '>=14.2,<15'
    vc14_runtime: '>=14.29.30139'
  url: https://conda.anaconda.org/conda-forge/win-64/libdeflate-1.20-hcfcfb64_0.conda
  hash:
    md5: b12b5bde5eb201a1df75e49320cc938a
    sha256: 6628a5b76ad70c1a0909563c637ddc446ee824739ba7c348d4da2f0aa6ac9527
  category: main
  optional: false
- name: libexpat
  version: 2.6.2
  manager: conda
  platform: win-64
  dependencies: {}
  url: https://conda.anaconda.org/conda-forge/win-64/libexpat-2.6.2-h63175ca_0.conda
  hash:
    md5: bc592d03f62779511d392c175dcece64
    sha256: 79f612f75108f3e16bbdc127d4885bb74729cf66a8702fca0373dad89d40c4b7
  category: main
  optional: false
- name: libffi
  version: 3.4.2
  manager: conda
  platform: win-64
  dependencies:
    vc: '>=14.1,<15.0a0'
    vs2015_runtime: '>=14.16.27012'
  url: https://conda.anaconda.org/conda-forge/win-64/libffi-3.4.2-h8ffe710_5.tar.bz2
  hash:
    md5: 2c96d1b6915b408893f9472569dee135
    sha256: 1951ab740f80660e9bc07d2ed3aefb874d78c107264fd810f24a1a6211d4b1a5
  category: main
  optional: false
- name: libglib
  version: 2.80.3
  manager: conda
  platform: win-64
  dependencies:
    libffi: '>=3.4,<4.0a0'
    libiconv: '>=1.17,<2.0a0'
    libintl: '>=0.22.5,<1.0a0'
    libzlib: '>=1.3.1,<2.0a0'
    pcre2: '>=10.44,<10.45.0a0'
    ucrt: '>=10.0.20348.0'
    vc: '>=14.2,<15'
    vc14_runtime: '>=14.29.30139'
  url: https://conda.anaconda.org/conda-forge/win-64/libglib-2.80.3-h7025463_1.conda
  hash:
    md5: 53c80e0ed9a3905ca7047c03756a5caa
    sha256: cae4f5ab6c64512aa6ae9f5c808f9b0aaea19496ddeab3720c118ad0809f7733
  category: main
  optional: false
- name: libhwloc
  version: 2.11.1
  manager: conda
  platform: win-64
  dependencies:
    libxml2: '>=2.12.7,<3.0a0'
    pthreads-win32: ''
    ucrt: '>=10.0.20348.0'
    vc: '>=14.2,<15'
    vc14_runtime: '>=14.29.30139'
  url: https://conda.anaconda.org/conda-forge/win-64/libhwloc-2.11.1-default_h8125262_1000.conda
  hash:
    md5: 933bad6e4658157f1aec9b171374fde2
    sha256: 92728e292640186759d6dddae3334a1bc0b139740b736ffaeccb825fb8c07a2e
  category: main
  optional: false
- name: libiconv
  version: '1.17'
  manager: conda
  platform: win-64
  dependencies:
    ucrt: '>=10.0.20348.0'
    vc: '>=14.2,<15'
    vc14_runtime: '>=14.29.30139'
  url: https://conda.anaconda.org/conda-forge/win-64/libiconv-1.17-hcfcfb64_2.conda
  hash:
    md5: e1eb10b1cca179f2baa3601e4efc8712
    sha256: 5f844dd19b046d43174ad80c6ea75b5d504020e3b63cfbc4ace97b8730d35c7b
  category: main
  optional: false
- name: libintl
  version: 0.22.5
  manager: conda
  platform: win-64
  dependencies:
    libiconv: '>=1.17,<2.0a0'
  url: https://conda.anaconda.org/conda-forge/win-64/libintl-0.22.5-h5728263_2.conda
  hash:
    md5: aa622c938af057adc119f8b8eecada01
    sha256: 1b95335af0a3e278b31e16667fa4e51d1c3f5e22d394d982539dfd5d34c5ae19
  category: main
  optional: false
- name: libintl-devel
  version: 0.22.5
  manager: conda
  platform: win-64
  dependencies:
    libiconv: '>=1.17,<2.0a0'
    libintl: 0.22.5
  url: https://conda.anaconda.org/conda-forge/win-64/libintl-devel-0.22.5-h5728263_2.conda
  hash:
    md5: a2ad82fae23975e4ccbfab2847d31d48
    sha256: 6164fd51abfc7294477c58da77ee1ff9ebc63b9a33404b646407f7fbc3cc7d0d
  category: main
  optional: false
- name: libjpeg-turbo
  version: 3.0.0
  manager: conda
  platform: win-64
  dependencies:
    ucrt: '>=10.0.20348.0'
    vc: '>=14.2,<15'
    vc14_runtime: '>=14.29.30139'
  url: https://conda.anaconda.org/conda-forge/win-64/libjpeg-turbo-3.0.0-hcfcfb64_1.conda
  hash:
    md5: 3f1b948619c45b1ca714d60c7389092c
    sha256: 4e7808e3098b4b4ed7e287f63bb24f9045cc4d95bfd39f0db870fc2837d74dff
  category: main
  optional: false
- name: liblapack
  version: 3.9.0
  manager: conda
  platform: win-64
  dependencies:
    libblas: 3.9.0
  url: https://conda.anaconda.org/conda-forge/win-64/liblapack-3.9.0-22_win64_mkl.conda
  hash:
    md5: c752cc2af9f3d8d7b2fdebb915a33ef7
    sha256: 8b28b361a13819ed83a67d3bfdde750a13bc8b50b9af26d94fd61616d0f2d703
  category: main
  optional: false
- name: libogg
  version: 1.3.5
  manager: conda
  platform: win-64
  dependencies:
    ucrt: '>=10.0.20348.0'
    vc: '>=14.2,<15'
    vc14_runtime: '>=14.29.30139'
  url: https://conda.anaconda.org/conda-forge/win-64/libogg-1.3.5-h2466b09_0.conda
  hash:
    md5: 44a4d173e62c5ed6d715f18ae7c46b7a
    sha256: fcffdf32c620569738b85c98ddd25e1c84c8add80cd732743d90d469b7b532bb
  category: main
  optional: false
- name: libpng
  version: 1.6.43
  manager: conda
  platform: win-64
  dependencies:
    libzlib: '>=1.2.13,<2.0.0a0'
    ucrt: '>=10.0.20348.0'
    vc: '>=14.2,<15'
    vc14_runtime: '>=14.29.30139'
  url: https://conda.anaconda.org/conda-forge/win-64/libpng-1.6.43-h19919ed_0.conda
  hash:
    md5: 77e398acc32617a0384553aea29e866b
    sha256: 6ad31bf262a114de5bbe0c6ba73b29ed25239d0f46f9d59700310d2ea0b3c142
  category: main
  optional: false
- name: libsqlite
  version: 3.46.0
  manager: conda
  platform: win-64
  dependencies:
    ucrt: '>=10.0.20348.0'
    vc: '>=14.2,<15'
    vc14_runtime: '>=14.29.30139'
  url: https://conda.anaconda.org/conda-forge/win-64/libsqlite-3.46.0-h2466b09_0.conda
  hash:
    md5: 951b0a3a463932e17414cd9f047fa03d
    sha256: 662bd7e0d63c5b8c31cca19b91649e798319b93568a2ba8d1375efb91eeb251b
  category: main
  optional: false
- name: libtiff
  version: 4.6.0
  manager: conda
  platform: win-64
  dependencies:
    lerc: '>=4.0.0,<5.0a0'
    libdeflate: '>=1.20,<1.21.0a0'
    libjpeg-turbo: '>=3.0.0,<4.0a0'
    libzlib: '>=1.2.13,<2.0.0a0'
    ucrt: '>=10.0.20348.0'
    vc: '>=14.2,<15'
    vc14_runtime: '>=14.29.30139'
    xz: '>=5.2.6,<6.0a0'
    zstd: '>=1.5.5,<1.6.0a0'
  url: https://conda.anaconda.org/conda-forge/win-64/libtiff-4.6.0-hddb2be6_3.conda
  hash:
    md5: 6d1828c9039929e2f185c5fa9d133018
    sha256: 2e04844865cfe0286d70482c129f159542b325f4e45774aaff5fbe5027b30b0a
  category: main
  optional: false
- name: libvorbis
  version: 1.3.7
  manager: conda
  platform: win-64
  dependencies:
    libogg: '>=1.3.4,<1.4.0a0'
    vc: '>=14.1,<15.0a0'
    vs2015_runtime: '>=14.16.27012'
  url: https://conda.anaconda.org/conda-forge/win-64/libvorbis-1.3.7-h0e60522_0.tar.bz2
  hash:
    md5: e1a22282de0169c93e4ffe6ce6acc212
    sha256: 6cdc018a024908270205d8512d92f92cf0adaaa5401c2b403757189b138bf56a
  category: main
  optional: false
- name: libwebp-base
  version: 1.4.0
  manager: conda
  platform: win-64
  dependencies:
    ucrt: '>=10.0.20348.0'
    vc: '>=14.2,<15'
    vc14_runtime: '>=14.29.30139'
  url: https://conda.anaconda.org/conda-forge/win-64/libwebp-base-1.4.0-hcfcfb64_0.conda
  hash:
    md5: abd61d0ab127ec5cd68f62c2969e6f34
    sha256: d0ca51cb1de9192be9a3238e71fbcca5a535619c499c4f4c9b2ed41c14d36770
  category: main
  optional: false
- name: libxcb
  version: '1.16'
  manager: conda
  platform: win-64
  dependencies:
    m2w64-gcc-libs: ''
    m2w64-gcc-libs-core: ''
    pthread-stubs: ''
    xorg-libxau: '>=1.0.11,<2.0a0'
    xorg-libxdmcp: ''
  url: https://conda.anaconda.org/conda-forge/win-64/libxcb-1.16-hcd874cb_0.conda
  hash:
    md5: 7c1217d3b075f195ab17370f2d550f5d
    sha256: 3b1f3b04baa370cfb1c350cfa829e6236519df5f03e3f57ea2cb2eb044eb8616
  category: main
  optional: false
- name: libxml2
  version: 2.12.7
  manager: conda
  platform: win-64
  dependencies:
    libiconv: '>=1.17,<2.0a0'
    libzlib: '>=1.3.1,<2.0a0'
    ucrt: '>=10.0.20348.0'
    vc: '>=14.2,<15'
    vc14_runtime: '>=14.29.30139'
  url: https://conda.anaconda.org/conda-forge/win-64/libxml2-2.12.7-h0f24e4e_4.conda
  hash:
    md5: ed4d301f0d2149b34deb9c4fecafd836
    sha256: ae78197961b09b0eef4ee194a44e4adc4555c0f2f20c348086b0cd8aaf2f7731
  category: main
  optional: false
- name: libzlib
  version: 1.3.1
  manager: conda
  platform: win-64
  dependencies:
    ucrt: '>=10.0.20348.0'
    vc: '>=14.2,<15'
    vc14_runtime: '>=14.29.30139'
  url: https://conda.anaconda.org/conda-forge/win-64/libzlib-1.3.1-h2466b09_1.conda
  hash:
    md5: d4483ca8afc57ddf1f6dded53b36c17f
    sha256: b13846a54a15243e15f96fec06b526d8155adc6a1ac2b6ed47a88f6a71a94b68
  category: main
  optional: false
- name: m2w64-gcc-libgfortran
  version: 5.3.0
  manager: conda
  platform: win-64
  dependencies:
    m2w64-gcc-libs-core: ''
    msys2-conda-epoch: '20160418'
  url: https://conda.anaconda.org/conda-forge/win-64/m2w64-gcc-libgfortran-5.3.0-6.tar.bz2
  hash:
    md5: 066552ac6b907ec6d72c0ddab29050dc
    sha256: 9de95a7996d5366ae0808eef2acbc63f9b11b874aa42375f55379e6715845dc6
  category: main
  optional: false
- name: m2w64-gcc-libs
  version: 5.3.0
  manager: conda
  platform: win-64
  dependencies:
    m2w64-gcc-libgfortran: ''
    m2w64-gcc-libs-core: ''
    m2w64-gmp: ''
    m2w64-libwinpthread-git: ''
    msys2-conda-epoch: '20160418'
  url: https://conda.anaconda.org/conda-forge/win-64/m2w64-gcc-libs-5.3.0-7.tar.bz2
  hash:
    md5: fe759119b8b3bfa720b8762c6fdc35de
    sha256: 3bd1ab02b7c89a5b153a17be03b36d833f1517ff2a6a77ead7c4a808b88196aa
  category: main
  optional: false
- name: m2w64-gcc-libs-core
  version: 5.3.0
  manager: conda
  platform: win-64
  dependencies:
    m2w64-gmp: ''
    m2w64-libwinpthread-git: ''
    msys2-conda-epoch: '20160418'
  url: https://conda.anaconda.org/conda-forge/win-64/m2w64-gcc-libs-core-5.3.0-7.tar.bz2
  hash:
    md5: 4289d80fb4d272f1f3b56cfe87ac90bd
    sha256: 58afdfe859ed2e9a9b1cc06bc408720cb2c3a6a132e59d4805b090d7574f4ee0
  category: main
  optional: false
- name: m2w64-gmp
  version: 6.1.0
  manager: conda
  platform: win-64
  dependencies:
    msys2-conda-epoch: '20160418'
  url: https://conda.anaconda.org/conda-forge/win-64/m2w64-gmp-6.1.0-2.tar.bz2
  hash:
    md5: 53a1c73e1e3d185516d7e3af177596d9
    sha256: 7e3cd95f554660de45f8323fca359e904e8d203efaf07a4d311e46d611481ed1
  category: main
  optional: false
- name: m2w64-libwinpthread-git
  version: 5.0.0.4634.697f757
  manager: conda
  platform: win-64
  dependencies:
    msys2-conda-epoch: '20160418'
  url: https://conda.anaconda.org/conda-forge/win-64/m2w64-libwinpthread-git-5.0.0.4634.697f757-2.tar.bz2
  hash:
    md5: 774130a326dee16f1ceb05cc687ee4f0
    sha256: f63a09b2cae7defae0480f1740015d6235f1861afa6fe2e2d3e10bd0d1314ee0
  category: main
  optional: false
- name: matplotlib
  version: 3.9.1
  manager: conda
  platform: win-64
  dependencies:
    matplotlib-base: '>=3.9.1,<3.9.2.0a0'
    pyqt: '>=5.10'
    python: '>=3.12,<3.13.0a0'
    python_abi: 3.12.*
    tornado: '>=5'
  url: https://conda.anaconda.org/conda-forge/win-64/matplotlib-3.9.1-py312h2e8e312_0.conda
  hash:
    md5: ae02b181a2ff235df506d50ff64562c5
    sha256: 41e8bdd3b583ef7fdb01e44efb63d01856d94f585815cc884f4f777330534589
  category: main
  optional: false
- name: matplotlib-base
  version: 3.9.1
  manager: conda
  platform: win-64
  dependencies:
    certifi: '>=2020.06.20'
    contourpy: '>=1.0.1'
    cycler: '>=0.10'
    fonttools: '>=4.22.0'
    freetype: '>=2.12.1,<3.0a0'
    kiwisolver: '>=1.3.1'
    numpy: '>=1.23'
    packaging: '>=20.0'
    pillow: '>=8'
    pyparsing: '>=2.3.1'
    python: '>=3.12,<3.13.0a0'
    python-dateutil: '>=2.7'
    python_abi: 3.12.*
    qhull: '>=2020.2,<2020.3.0a0'
    ucrt: '>=10.0.20348.0'
    vc: '>=14.2,<15'
    vc14_runtime: '>=14.29.30139'
  url: https://conda.anaconda.org/conda-forge/win-64/matplotlib-base-3.9.1-py312h90004f6_0.conda
  hash:
    md5: d6bd02226b5b233a197a006faceae45f
    sha256: 44f5d5285226a7a7a31fd00dc30d3cd4a6c487d5b0fd3c92aae2354b33860b4d
  category: main
  optional: false
- name: mkl
  version: 2024.1.0
  manager: conda
  platform: win-64
  dependencies:
    intel-openmp: 2024.*
    tbb: 2021.*
  url: https://conda.anaconda.org/conda-forge/win-64/mkl-2024.1.0-h66d3029_692.conda
  hash:
    md5: b43ec7ed045323edeff31e348eea8652
    sha256: abfdb5eb3a17af59a827ea49fcb4d2bf18e70b62498bf3720351962e636cb5b7
  category: main
  optional: false
- name: msys2-conda-epoch
  version: '20160418'
  manager: conda
  platform: win-64
  dependencies: {}
  url: https://conda.anaconda.org/conda-forge/win-64/msys2-conda-epoch-20160418-1.tar.bz2
  hash:
    md5: b0309b72560df66f71a9d5e34a5efdfa
    sha256: 99358d58d778abee4dca82ad29fb58058571f19b0f86138363c260049d4ac7f1
  category: main
  optional: false
- name: munkres
  version: 1.1.4
  manager: conda
  platform: win-64
  dependencies:
    python: ''
  url: https://conda.anaconda.org/conda-forge/noarch/munkres-1.1.4-pyh9f0ad1d_0.tar.bz2
  hash:
    md5: 2ba8498c1018c1e9c61eb99b973dfe19
    sha256: f86fb22b58e93d04b6f25e0d811b56797689d598788b59dcb47f59045b568306
  category: main
  optional: false
- name: numpy
  version: 2.0.0
  manager: conda
  platform: win-64
  dependencies:
    libblas: '>=3.9.0,<4.0a0'
    libcblas: '>=3.9.0,<4.0a0'
    liblapack: '>=3.9.0,<4.0a0'
    python: '>=3.12,<3.13.0a0'
    python_abi: 3.12.*
    ucrt: '>=10.0.20348.0'
    vc: '>=14.2,<15'
    vc14_runtime: '>=14.29.30139'
  url: https://conda.anaconda.org/conda-forge/win-64/numpy-2.0.0-py312h49bc9c5_0.conda
  hash:
    md5: 8f8c23e8087dbb05828be5abbeac347d
    sha256: a2a4f9c90076d70a9e40aebe7ea323e67803af1cf4e6fff759af330726b2644d
  category: main
  optional: false
- name: openjpeg
  version: 2.5.2
  manager: conda
  platform: win-64
  dependencies:
    libpng: '>=1.6.43,<1.7.0a0'
    libtiff: '>=4.6.0,<4.7.0a0'
    libzlib: '>=1.2.13,<2.0.0a0'
    ucrt: '>=10.0.20348.0'
    vc: '>=14.2,<15'
    vc14_runtime: '>=14.29.30139'
  url: https://conda.anaconda.org/conda-forge/win-64/openjpeg-2.5.2-h3d672ee_0.conda
  hash:
    md5: 7e7099ad94ac3b599808950cec30ad4e
    sha256: dda71cbe094234ab208f3552dec1f4ca6f2e614175d010808d6cb66ecf0bc753
  category: main
  optional: false
- name: openssl
  version: 3.3.1
  manager: conda
  platform: win-64
  dependencies:
    ca-certificates: ''
    ucrt: '>=10.0.20348.0'
    vc: '>=14.2,<15'
    vc14_runtime: '>=14.29.30139'
  url: https://conda.anaconda.org/conda-forge/win-64/openssl-3.3.1-h2466b09_2.conda
  hash:
    md5: 375dbc2a4d5a2e4c738703207e8e368b
    sha256: d86c4fa31294ad9068717788197e97e5637e056c82745ffb6d0e88fd1fef1a9d
  category: main
  optional: false
- name: packaging
  version: '24.1'
  manager: conda
  platform: win-64
  dependencies:
    python: '>=3.8'
  url: https://conda.anaconda.org/conda-forge/noarch/packaging-24.1-pyhd8ed1ab_0.conda
  hash:
    md5: cbe1bb1f21567018ce595d9c2be0f0db
    sha256: 36aca948219e2c9fdd6d80728bcc657519e02f06c2703d8db3446aec67f51d81
  category: main
  optional: false
- name: pandas
  version: 2.2.2
  manager: conda
  platform: win-64
  dependencies:
    numpy: '>=1.19,<3'
    python: '>=3.12,<3.13.0a0'
    python-dateutil: '>=2.8.1'
    python-tzdata: '>=2022a'
    python_abi: 3.12.*
    pytz: '>=2020.1'
    ucrt: '>=10.0.20348.0'
    vc: '>=14.2,<15'
    vc14_runtime: '>=14.29.30139'
  url: https://conda.anaconda.org/conda-forge/win-64/pandas-2.2.2-py312h72972c8_1.conda
  hash:
    md5: 92a5cf9f4778c6c9e02582d99885b34d
    sha256: f27b950c52cac5784b184a258c599cea81fcbfbd688897da799de4b6bf91af6e
  category: main
  optional: false
- name: pcre2
  version: '10.44'
  manager: conda
  platform: win-64
  dependencies:
    bzip2: '>=1.0.8,<2.0a0'
    libzlib: '>=1.3.1,<2.0a0'
    ucrt: '>=10.0.20348.0'
    vc: '>=14.2,<15'
    vc14_runtime: '>=14.29.30139'
  url: https://conda.anaconda.org/conda-forge/win-64/pcre2-10.44-h3d7b363_0.conda
  hash:
    md5: 007d07ab5027e0bf49f6fa660a9f89a0
    sha256: 44351611091ed72c4682ad23e53d7874334757298ff0ebb2acd769359ae82ab3
  category: main
  optional: false
- name: pillow
  version: 10.4.0
  manager: conda
  platform: win-64
  dependencies:
    freetype: '>=2.12.1,<3.0a0'
    lcms2: '>=2.16,<3.0a0'
    libjpeg-turbo: '>=3.0.0,<4.0a0'
    libtiff: '>=4.6.0,<4.7.0a0'
    libwebp-base: '>=1.4.0,<2.0a0'
    libxcb: '>=1.16,<1.17.0a0'
    libzlib: '>=1.3.1,<2.0a0'
    openjpeg: '>=2.5.2,<3.0a0'
    python: '>=3.12,<3.13.0a0'
    python_abi: 3.12.*
    tk: '>=8.6.13,<8.7.0a0'
    ucrt: '>=10.0.20348.0'
    vc: '>=14.2,<15'
    vc14_runtime: '>=14.29.30139'
  url: https://conda.anaconda.org/conda-forge/win-64/pillow-10.4.0-py312h381445a_0.conda
  hash:
    md5: cc1e714c3cc43c59d9d0efa228c16364
    sha256: 2c76c1ded20c5199d134ccecab596412510a016218f342914fd85384a850e7ed
  category: main
  optional: false
- name: pip
  version: '24.0'
  manager: conda
  platform: win-64
  dependencies:
    python: '>=3.7'
    setuptools: ''
    wheel: ''
  url: https://conda.anaconda.org/conda-forge/noarch/pip-24.0-pyhd8ed1ab_0.conda
  hash:
    md5: f586ac1e56c8638b64f9c8122a7b8a67
    sha256: b7c1c5d8f13e8cb491c4bd1d0d1896a4cf80fc47de01059ad77509112b664a4a
  category: main
  optional: false
- name: ply
  version: '3.11'
  manager: conda
  platform: win-64
  dependencies:
    python: '>=2.6'
  url: https://conda.anaconda.org/conda-forge/noarch/ply-3.11-pyhd8ed1ab_2.conda
  hash:
    md5: 18c6deb6f9602e32446398203c8f0e91
    sha256: d8faaf4dcc13caed560fa32956523b35928a70499a2d08c51320947d637e3a41
  category: main
  optional: false
- name: pthread-stubs
  version: '0.4'
  manager: conda
  platform: win-64
  dependencies:
    m2w64-gcc-libs: ''
  url: https://conda.anaconda.org/conda-forge/win-64/pthread-stubs-0.4-hcd874cb_1001.tar.bz2
  hash:
    md5: a1f820480193ea83582b13249a7e7bd9
    sha256: bb5a6ddf1a609a63addd6d7b488b0f58d05092ea84e9203283409bff539e202a
  category: main
  optional: false
- name: pthreads-win32
  version: 2.9.1
  manager: conda
  platform: win-64
  dependencies:
    vc: 14.*
  url: https://conda.anaconda.org/conda-forge/win-64/pthreads-win32-2.9.1-hfa6e2cd_3.tar.bz2
  hash:
    md5: e2da8758d7d51ff6aa78a14dfb9dbed4
    sha256: 576a228630a72f25d255a5e345e5f10878e153221a96560f2498040cd6f54005
  category: main
  optional: false
- name: pyparsing
  version: 3.1.2
  manager: conda
  platform: win-64
  dependencies:
    python: '>=3.6'
  url: https://conda.anaconda.org/conda-forge/noarch/pyparsing-3.1.2-pyhd8ed1ab_0.conda
  hash:
    md5: b9a4dacf97241704529131a0dfc0494f
    sha256: 06c77cb03e5dde2d939b216c99dd2db52ea93a4c7c599f3882f136005c359c7b
  category: main
  optional: false
- name: pyqt
  version: 5.15.9
  manager: conda
  platform: win-64
  dependencies:
    pyqt5-sip: 12.12.2
    python: '>=3.12.0rc3,<3.13.0a0'
    python_abi: 3.12.*
    qt-main: '>=5.15.8,<5.16.0a0'
    sip: '>=6.7.11,<6.8.0a0'
    ucrt: '>=10.0.20348.0'
    vc: '>=14.2,<15'
    vc14_runtime: '>=14.29.30139'
  url: https://conda.anaconda.org/conda-forge/win-64/pyqt-5.15.9-py312he09f080_5.conda
  hash:
    md5: fb0861092c40e5d054e984abd88e5ea8
    sha256: c524cafaf98661f3bd5819494b41563fe5a851f6e44a7d08631c99f1dfb961c7
  category: main
  optional: false
- name: pyqt5-sip
  version: 12.12.2
  manager: conda
  platform: win-64
  dependencies:
    packaging: ''
    python: '>=3.12.0rc3,<3.13.0a0'
    python_abi: 3.12.*
    sip: ''
    toml: ''
    ucrt: '>=10.0.20348.0'
    vc: '>=14.2,<15'
    vc14_runtime: '>=14.29.30139'
  url: https://conda.anaconda.org/conda-forge/win-64/pyqt5-sip-12.12.2-py312h53d5487_5.conda
  hash:
    md5: dbaa69d84f7da6ac3ec20de2a9529a4b
    sha256: 56242d5203e7231ee5bdd25df417dfc60a4f38e335f922f7e00f8c518ba87bd1
  category: main
  optional: false
- name: python
  version: 3.12.4
  manager: conda
  platform: win-64
  dependencies:
    bzip2: '>=1.0.8,<2.0a0'
    libexpat: '>=2.6.2,<3.0a0'
    libffi: '>=3.4,<4.0a0'
    libsqlite: '>=3.46.0,<4.0a0'
    libzlib: '>=1.3.1,<2.0a0'
    openssl: '>=3.3.1,<4.0a0'
    tk: '>=8.6.13,<8.7.0a0'
    tzdata: ''
    ucrt: '>=10.0.20348.0'
    vc: '>=14.2,<15'
    vc14_runtime: '>=14.29.30139'
    xz: '>=5.2.6,<6.0a0'
  url: https://conda.anaconda.org/conda-forge/win-64/python-3.12.4-h889d299_0_cpython.conda
  hash:
    md5: 4527737432f0fade2fc1e5852c672133
    sha256: 1db32594bfd8db2a49af66c14aaf479520f98df7a86e9d6e6a9ae484d369f4da
  category: main
  optional: false
- name: python-dateutil
  version: 2.9.0
  manager: conda
  platform: win-64
  dependencies:
    python: '>=3.7'
    six: '>=1.5'
  url: https://conda.anaconda.org/conda-forge/noarch/python-dateutil-2.9.0-pyhd8ed1ab_0.conda
  hash:
    md5: 2cf4264fffb9e6eff6031c5b6884d61c
    sha256: f3ceef02ac164a8d3a080d0d32f8e2ebe10dd29e3a685d240e38b3599e146320
  category: main
  optional: false
- name: python-tzdata
  version: '2024.1'
  manager: conda
  platform: win-64
  dependencies:
    python: '>=3.6'
  url: https://conda.anaconda.org/conda-forge/noarch/python-tzdata-2024.1-pyhd8ed1ab_0.conda
  hash:
    md5: 98206ea9954216ee7540f0c773f2104d
    sha256: 9da9a849d53705dee450b83507df1ca8ffea5f83bd21a215202221f1c492f8ad
  category: main
  optional: false
- name: python_abi
  version: '3.12'
  manager: conda
  platform: win-64
  dependencies: {}
  url: https://conda.anaconda.org/conda-forge/win-64/python_abi-3.12-4_cp312.conda
  hash:
    md5: 17f4ccf6be9ded08bd0a376f489ac1a6
    sha256: 488f8519d04b48f59bd6fde21ebe2d7a527718ff28aac86a8b53aa63658bdef6
  category: main
  optional: false
- name: pytz
  version: '2024.1'
  manager: conda
  platform: win-64
  dependencies:
    python: '>=3.7'
  url: https://conda.anaconda.org/conda-forge/noarch/pytz-2024.1-pyhd8ed1ab_0.conda
  hash:
    md5: 3eeeeb9e4827ace8c0c1419c85d590ad
    sha256: 1a7d6b233f7e6e3bbcbad054c8fd51e690a67b129a899a056a5e45dd9f00cb41
  category: main
  optional: false
- name: qhull
  version: '2020.2'
  manager: conda
  platform: win-64
  dependencies:
    ucrt: '>=10.0.20348.0'
    vc: '>=14.2,<15'
    vc14_runtime: '>=14.29.30139'
  url: https://conda.anaconda.org/conda-forge/win-64/qhull-2020.2-hc790b64_5.conda
  hash:
    md5: 854fbdff64b572b5c0b470f334d34c11
    sha256: 887d53486a37bd870da62b8fa2ebe3993f912ad04bd755e7ed7c47ced97cbaa8
  category: main
  optional: false
- name: qt-main
  version: 5.15.8
  manager: conda
  platform: win-64
  dependencies:
    gst-plugins-base: '>=1.24.5,<1.25.0a0'
    gstreamer: '>=1.24.5,<1.25.0a0'
    icu: '>=73.2,<74.0a0'
    krb5: '>=1.21.3,<1.22.0a0'
    libclang13: '>=15.0.7'
    libglib: '>=2.80.3,<3.0a0'
    libjpeg-turbo: '>=3.0.0,<4.0a0'
    libpng: '>=1.6.43,<1.7.0a0'
    libsqlite: '>=3.46.0,<4.0a0'
    libzlib: '>=1.3.1,<2.0a0'
    openssl: '>=3.3.1,<4.0a0'
    ucrt: '>=10.0.20348.0'
    vc: '>=14.2,<15'
    vc14_runtime: '>=14.29.30139'
    zstd: '>=1.5.6,<1.6.0a0'
  url: https://conda.anaconda.org/conda-forge/win-64/qt-main-5.15.8-h06adc49_23.conda
  hash:
    md5: 1f6a464e4fc36114ac7286d1db8d260e
    sha256: 35a3c7a30e86c4cb6cca09008ca7d05fbc5801e5db949a9c1c5ca6bcd01afb4f
  category: main
  optional: false
- name: scikit-learn
  version: 1.5.1
  manager: conda
  platform: win-64
  dependencies:
    joblib: '>=1.2.0'
    numpy: '>=1.19,<3'
    python: '>=3.12,<3.13.0a0'
    python_abi: 3.12.*
    scipy: ''
    threadpoolctl: '>=3.1.0'
    ucrt: '>=10.0.20348.0'
    vc: '>=14.2,<15'
    vc14_runtime: '>=14.29.30139'
  url: https://conda.anaconda.org/conda-forge/win-64/scikit-learn-1.5.1-py312h816cc57_0.conda
  hash:
    md5: fa83d73ec4a87352b6bbfcdfde5aeab2
    sha256: 00ab427eaebdc17816655ec7d116de9511a8ad04020fc47e0b4bc5dcfc46bbbb
  category: main
  optional: false
- name: scipy
  version: 1.14.0
  manager: conda
  platform: win-64
  dependencies:
    libblas: '>=3.9.0,<4.0a0'
    libcblas: '>=3.9.0,<4.0a0'
    liblapack: '>=3.9.0,<4.0a0'
    numpy: '>=1.19,<3'
    python: '>=3.12,<3.13.0a0'
    python_abi: 3.12.*
    ucrt: '>=10.0.20348.0'
    vc: '>=14.2,<15'
    vc14_runtime: '>=14.29.30139'
  url: https://conda.anaconda.org/conda-forge/win-64/scipy-1.14.0-py312h1f4e10d_1.conda
  hash:
    md5: 4667a8b9e594a70eb0ef680615a4b411
    sha256: e2c55a57bdac972d5f0ecae09a8a8041ee6519627231851e8edb27fd8e1a5e11
  category: main
  optional: false
- name: setuptools
  version: 71.0.4
  manager: conda
  platform: win-64
  dependencies:
    python: '>=3.8'
  url: https://conda.anaconda.org/conda-forge/noarch/setuptools-71.0.4-pyhd8ed1ab_0.conda
  hash:
    md5: ee78ac9c720d0d02fcfd420866b82ab1
    sha256: e1b5dd28d2ea2a7ad660fbc8d1f2ef682a2f8460f80240d836d62e56225ac680
  category: main
  optional: false
- name: sip
  version: 6.7.12
  manager: conda
  platform: win-64
  dependencies:
    packaging: ''
    ply: ''
    python: '>=3.12,<3.13.0a0'
    python_abi: 3.12.*
    tomli: ''
    ucrt: '>=10.0.20348.0'
    vc: '>=14.2,<15'
    vc14_runtime: '>=14.29.30139'
  url: https://conda.anaconda.org/conda-forge/win-64/sip-6.7.12-py312h53d5487_0.conda
  hash:
    md5: a5d3d1363d6d0b4827d6b940414a5b76
    sha256: 2347c2e7d5e7282b991d5d4f7448d9e6fe8c26e5d6df0d09f0e60b11b7d19586
  category: main
  optional: false
- name: six
  version: 1.16.0
  manager: conda
  platform: win-64
  dependencies:
    python: ''
  url: https://conda.anaconda.org/conda-forge/noarch/six-1.16.0-pyh6c4a22f_0.tar.bz2
  hash:
    md5: e5f25f8dbc060e9a8d912e432202afc2
    sha256: a85c38227b446f42c5b90d9b642f2c0567880c15d72492d8da074a59c8f91dd6
  category: main
  optional: false
- name: tbb
  version: 2021.12.0
  manager: conda
  platform: win-64
  dependencies:
    libhwloc: '>=2.11.1,<2.11.2.0a0'
    ucrt: '>=10.0.20348.0'
    vc: '>=14.2,<15'
    vc14_runtime: '>=14.29.30139'
  url: https://conda.anaconda.org/conda-forge/win-64/tbb-2021.12.0-hc790b64_3.conda
  hash:
    md5: a16e2a639e87c554abee5192ce6ee308
    sha256: 721a88d702e31efd9437d387774ef9157846743e66648f5f863b29ae322e8479
  category: main
  optional: false
- name: threadpoolctl
  version: 3.5.0
  manager: conda
  platform: win-64
  dependencies:
    python: '>=3.8'
  url: https://conda.anaconda.org/conda-forge/noarch/threadpoolctl-3.5.0-pyhc1e730c_0.conda
  hash:
    md5: df68d78237980a159bd7149f33c0e8fd
    sha256: 45e402941f6bed094022c5726a2ca494e6224b85180d2367fb6ddd9aea68079d
  category: main
  optional: false
- name: tk
  version: 8.6.13
  manager: conda
  platform: win-64
  dependencies:
    ucrt: '>=10.0.20348.0'
    vc: '>=14.2,<15'
    vc14_runtime: '>=14.29.30139'
  url: https://conda.anaconda.org/conda-forge/win-64/tk-8.6.13-h5226925_1.conda
  hash:
    md5: fc048363eb8f03cd1737600a5d08aafe
    sha256: 2c4e914f521ccb2718946645108c9bd3fc3216ba69aea20c2c3cedbd8db32bb1
  category: main
  optional: false
- name: toml
  version: 0.10.2
  manager: conda
  platform: win-64
  dependencies:
    python: '>=2.7'
  url: https://conda.anaconda.org/conda-forge/noarch/toml-0.10.2-pyhd8ed1ab_0.tar.bz2
  hash:
    md5: f832c45a477c78bebd107098db465095
    sha256: f0f3d697349d6580e4c2f35ba9ce05c65dc34f9f049e85e45da03800b46139c1
  category: main
  optional: false
- name: tomli
  version: 2.0.1
  manager: conda
  platform: win-64
  dependencies:
    python: '>=3.7'
  url: https://conda.anaconda.org/conda-forge/noarch/tomli-2.0.1-pyhd8ed1ab_0.tar.bz2
  hash:
    md5: 5844808ffab9ebdb694585b50ba02a96
    sha256: 4cd48aba7cd026d17e86886af48d0d2ebc67ed36f87f6534f4b67138f5a5a58f
  category: main
  optional: false
- name: tornado
  version: 6.4.1
  manager: conda
  platform: win-64
  dependencies:
    python: '>=3.12,<3.13.0a0'
    python_abi: 3.12.*
    ucrt: '>=10.0.20348.0'
    vc: '>=14.2,<15'
    vc14_runtime: '>=14.29.30139'
  url: https://conda.anaconda.org/conda-forge/win-64/tornado-6.4.1-py312h4389bb4_0.conda
  hash:
    md5: 00a82356b77563593acad8b86de9c5c7
    sha256: 1db4650b15e902828ecc67754eb287971879401ce35437f3a8c3c3da2158af2c
  category: main
  optional: false
- name: tzdata
  version: 2024a
  manager: conda
  platform: win-64
  dependencies: {}
  url: https://conda.anaconda.org/conda-forge/noarch/tzdata-2024a-h0c530f3_0.conda
  hash:
    md5: 161081fc7cec0bfda0d86d7cb595f8d8
    sha256: 7b2b69c54ec62a243eb6fba2391b5e443421608c3ae5dbff938ad33ca8db5122
  category: main
  optional: false
- name: ucrt
  version: 10.0.22621.0
  manager: conda
  platform: win-64
  dependencies: {}
  url: https://conda.anaconda.org/conda-forge/win-64/ucrt-10.0.22621.0-h57928b3_0.tar.bz2
  hash:
    md5: 72608f6cd3e5898229c3ea16deb1ac43
    sha256: f29cdaf8712008f6b419b8b1a403923b00ab2504bfe0fb2ba8eb60e72d4f14c6
  category: main
  optional: false
- name: vc
  version: '14.3'
  manager: conda
  platform: win-64
  dependencies:
    vc14_runtime: '>=14.40.33810'
  url: https://conda.anaconda.org/conda-forge/win-64/vc-14.3-h8a93ad2_20.conda
  hash:
    md5: 8558f367e1d7700554f7cdb823c46faf
    sha256: 23ac5feb15a9adf3ab2b8c4dcd63650f8b7ae860c5ceb073e49cf71d203eddef
  category: main
  optional: false
- name: vc14_runtime
  version: 14.40.33810
  manager: conda
  platform: win-64
  dependencies:
    ucrt: '>=10.0.20348.0'
  url: https://conda.anaconda.org/conda-forge/win-64/vc14_runtime-14.40.33810-ha82c5b3_20.conda
  hash:
    md5: e39cc4c34c53654ec939558993d9dc5b
    sha256: af3cfa347e3d7c1277e9b964b0849a9a9f095bff61836cb3c3a89862fbc32e17
  category: main
  optional: false
- name: vs2015_runtime
  version: 14.40.33810
  manager: conda
  platform: win-64
  dependencies:
    vc14_runtime: '>=14.40.33810'
  url: https://conda.anaconda.org/conda-forge/win-64/vs2015_runtime-14.40.33810-h3bf8584_20.conda
  hash:
    md5: c21f1b4a3a30bbc3ef35a50957578e0e
    sha256: 0c2803f7a788c51f28235a7228dc2ab3f107b4b16ab0845a3e595c8c51e50a7a
  category: main
  optional: false
- name: wheel
  version: 0.43.0
  manager: conda
  platform: win-64
  dependencies:
    python: '>=3.8'
  url: https://conda.anaconda.org/conda-forge/noarch/wheel-0.43.0-pyhd8ed1ab_1.conda
  hash:
    md5: 0b5293a157c2b5cd513dd1b03d8d3aae
    sha256: cb318f066afd6fd64619f14c030569faf3f53e6f50abf743b4c865e7d95b96bc
  category: main
  optional: false
- name: xorg-libxau
  version: 1.0.11
  manager: conda
  platform: win-64
  dependencies:
    m2w64-gcc-libs: ''
    m2w64-gcc-libs-core: ''
  url: https://conda.anaconda.org/conda-forge/win-64/xorg-libxau-1.0.11-hcd874cb_0.conda
  hash:
    md5: c46ba8712093cb0114404ae8a7582e1a
    sha256: 8c5b976e3b36001bdefdb41fb70415f9c07eff631f1f0155f3225a7649320e77
  category: main
  optional: false
- name: xorg-libxdmcp
  version: 1.1.3
  manager: conda
  platform: win-64
  dependencies:
    m2w64-gcc-libs: ''
  url: https://conda.anaconda.org/conda-forge/win-64/xorg-libxdmcp-1.1.3-hcd874cb_0.tar.bz2
  hash:
    md5: 46878ebb6b9cbd8afcf8088d7ef00ece
    sha256: f51205d33c07d744ec177243e5d9b874002910c731954f2c8da82459be462b93
  category: main
  optional: false
- name: xz
  version: 5.2.6
  manager: conda
  platform: win-64
  dependencies:
    vc: '>=14.1,<15'
    vs2015_runtime: '>=14.16.27033'
  url: https://conda.anaconda.org/conda-forge/win-64/xz-5.2.6-h8d14728_0.tar.bz2
  hash:
    md5: 515d77642eaa3639413c6b1bc3f94219
    sha256: 54d9778f75a02723784dc63aff4126ff6e6749ba21d11a6d03c1f4775f269fe0
  category: main
  optional: false
- name: zstd
  version: 1.5.6
  manager: conda
  platform: win-64
  dependencies:
    libzlib: '>=1.2.13,<2.0.0a0'
    ucrt: '>=10.0.20348.0'
    vc: '>=14.2,<15'
    vc14_runtime: '>=14.29.30139'
  url: https://conda.anaconda.org/conda-forge/win-64/zstd-1.5.6-h0ea2cb4_0.conda
  hash:
    md5: 9a17230f95733c04dc40a2b1e5491d74
    sha256: 768e30dc513568491818fb068ee867c57c514b553915536da09e5d10b4ebf3c3
  category: main
  optional: false
